PODS:
  - CommentUIKit (0.1.1):
    - CommentUIKit/Vendors (= 0.1.1)
  - CommentUIKit/Vendors (0.1.1)

DEPENDENCIES:
  - CommentUIKit (from `../`)

EXTERNAL SOURCES:
  CommentUIKit:
    :path: "../"

SPEC CHECKSUMS:
  CommentUIKit: 575868b712f4c8e601acdefbdaf8704be1a62fb1

PODFILE CHECKSUM: db0e1bf4594395821ac8ef29437d25d4ccfd1209

COCOAPODS: 1.11.3
