PODS:
  - CommentUIKit (0.0.1):
    - CommentUIKit/Vendors (= 0.0.1)
  - CommentUIKit/Vendors (0.0.1)

DEPENDENCIES:
  - CommentUIKit (from `../`)

EXTERNAL SOURCES:
  CommentUIKit:
    :path: "../"

SPEC CHECKSUMS:
  CommentUIKit: aac7ee2183d7185fcf474d990110d16a68546c04

PODFILE CHECKSUM: db0e1bf4594395821ac8ef29437d25d4ccfd1209

COCOAPODS: 1.11.3
